
Microsoft Visual Studio Solution File, Format Version 12.00
# Visual Studio Version 17
VisualStudioVersion = 17.8.34309.116
MinimumVisualStudioVersion = 10.0.40219.1
Project("{9A19103F-16F7-4668-BE54-9A1E7A4F7556}") = "Project.Circiut", "Project.Circiut\Project.Circiut.csproj", "{5D625753-A226-4BCA-93DC-D694F6637224}"
EndProject
Project("{FAE04EC0-301F-11D3-BF4B-00C04F79EFBC}") = "Project.CircuitTest", "Project.CircuitTest\Project.CircuitTest.csproj", "{45A3802E-DC1D-49E2-B0F8-323033BAC5EC}"
EndProject
Global
	GlobalSection(SolutionConfigurationPlatforms) = preSolution
		Debug|Any CPU = Debug|Any CPU
		Release|Any CPU = Release|Any CPU
	EndGlobalSection
	GlobalSection(ProjectConfigurationPlatforms) = postSolution
		{5D625753-A226-4BCA-93DC-D694F6637224}.Debug|Any CPU.ActiveCfg = Debug|Any CPU
		{5D625753-A226-4BCA-93DC-D694F6637224}.Debug|Any CPU.Build.0 = Debug|Any CPU
		{5D625753-A226-4BCA-93DC-D694F6637224}.Release|Any CPU.ActiveCfg = Release|Any CPU
		{5D625753-A226-4BCA-93DC-D694F6637224}.Release|Any CPU.Build.0 = Release|Any CPU
		{45A3802E-DC1D-49E2-B0F8-323033BAC5EC}.Debug|Any CPU.ActiveCfg = Debug|Any CPU
		{45A3802E-DC1D-49E2-B0F8-323033BAC5EC}.Debug|Any CPU.Build.0 = Debug|Any CPU
		{45A3802E-DC1D-49E2-B0F8-323033BAC5EC}.Release|Any CPU.ActiveCfg = Release|Any CPU
		{45A3802E-DC1D-49E2-B0F8-323033BAC5EC}.Release|Any CPU.Build.0 = Release|Any CPU
	EndGlobalSection
	GlobalSection(SolutionProperties) = preSolution
		HideSolutionNode = FALSE
	EndGlobalSection
	GlobalSection(ExtensibilityGlobals) = postSolution
		SolutionGuid = {DD8E53E5-D0B0-42A0-A6E7-E252E10A8B3F}
	EndGlobalSection
EndGlobal
